
Microsoft Visual Studio Solution File, Format Version 12.00
# Visual Studio Version 16
VisualStudioVersion = 16.0.30413.136
MinimumVisualStudioVersion = 10.0.40219.1
Project("{FAE04EC0-301F-11D3-BF4B-00C04F79EFBC}") = "PersonClassInheritanceReview", "PersonClassInheritanceReview\PersonClassInheritanceReview.csproj", "{C96397DE-339A-44A4-BCF5-278569DEC504}"
EndProject
Global
	GlobalSection(SolutionConfigurationPlatforms) = preSolution
		Debug|Any CPU = Debug|Any CPU
		Release|Any CPU = Release|Any CPU
	EndGlobalSection
	GlobalSection(ProjectConfigurationPlatforms) = postSolution
		{C96397DE-339A-44A4-BCF5-278569DEC504}.Debug|Any CPU.ActiveCfg = Debug|Any CPU
		{C96397DE-339A-44A4-BCF5-278569DEC504}.Debug|Any CPU.Build.0 = Debug|Any CPU
		{C96397DE-339A-44A4-BCF5-278569DEC504}.Release|Any CPU.ActiveCfg = Release|Any CPU
		{C96397DE-339A-44A4-BCF5-278569DEC504}.Release|Any CPU.Build.0 = Release|Any CPU
	EndGlobalSection
	GlobalSection(SolutionProperties) = preSolution
		HideSolutionNode = FALSE
	EndGlobalSection
	GlobalSection(ExtensibilityGlobals) = postSolution
		SolutionGuid = {7A2E72AD-4C8B-4618-A7AD-72CFDCCA17BD}
	EndGlobalSection
EndGlobal
